// !$*UTF8*$!
{
	archiveVersion = 1;
	classes = {
	};
	objectVersion = 56;
	objects = {

/* Begin PBXBuildFile section */
		4E09DB3E29FB6345007A7B9B /* AppDelegate.swift in Sources */ = {isa = PBXBuildFile; fileRef = 4E09DB3D29FB6345007A7B9B /* AppDelegate.swift */; };
		4E09DB4029FB6345007A7B9B /* SceneDelegate.swift in Sources */ = {isa = PBXBuildFile; fileRef = 4E09DB3F29FB6345007A7B9B /* SceneDelegate.swift */; };
		4E09DB4529FB6345007A7B9B /* Main.storyboard in Resources */ = {isa = PBXBuildFile; fileRef = 4E09DB4329FB6345007A7B9B /* Main.storyboard */; };
		4E09DB4729FB6346007A7B9B /* Assets.xcassets in Resources */ = {isa = PBXBuildFile; fileRef = 4E09DB4629FB6346007A7B9B /* Assets.xcassets */; };
		4E09DB4A29FB6346007A7B9B /* LaunchScreen.storyboard in Resources */ = {isa = PBXBuildFile; fileRef = 4E09DB4829FB6346007A7B9B /* LaunchScreen.storyboard */; };
		4E09DB5229FB6CEB007A7B9B /* FirstViewController.swift in Sources */ = {isa = PBXBuildFile; fileRef = 4E09DB5129FB6CEB007A7B9B /* FirstViewController.swift */; };
		4E09DB5429FB6D59007A7B9B /* LoginViewController.swift in Sources */ = {isa = PBXBuildFile; fileRef = 4E09DB5329FB6D59007A7B9B /* LoginViewController.swift */; };
		4E09DB5629FB73E5007A7B9B /* MainViewController.swift in Sources */ = {isa = PBXBuildFile; fileRef = 4E09DB5529FB73E5007A7B9B /* MainViewController.swift */; };
		4E09DB7829FBE9AD007A7B9B /* DietViewController.swift in Sources */ = {isa = PBXBuildFile; fileRef = 4E09DB7729FBE9AD007A7B9B /* DietViewController.swift */; };
		4E09DB7A29FBEA70007A7B9B /* HealthInfoViewController.swift in Sources */ = {isa = PBXBuildFile; fileRef = 4E09DB7929FBEA70007A7B9B /* HealthInfoViewController.swift */; };
		4E09DB7C29FBEA9C007A7B9B /* ReservationViewController.swift in Sources */ = {isa = PBXBuildFile; fileRef = 4E09DB7B29FBEA9C007A7B9B /* ReservationViewController.swift */; };
		4E09DB7E29FBEABB007A7B9B /* CareInfoViewController.swift in Sources */ = {isa = PBXBuildFile; fileRef = 4E09DB7D29FBEABB007A7B9B /* CareInfoViewController.swift */; };
		4E09DB8029FBEB4C007A7B9B /* ContectStaffViewController.swift in Sources */ = {isa = PBXBuildFile; fileRef = 4E09DB7F29FBEB4C007A7B9B /* ContectStaffViewController.swift */; };
		4E48C2372A32CA900070D80D /* FaiDetailViewController.swift in Sources */ = {isa = PBXBuildFile; fileRef = 4E48C2362A32CA900070D80D /* FaiDetailViewController.swift */; };
		4E4E5C862A1E43950072B38B /* GoogleService-Info.plist in Resources */ = {isa = PBXBuildFile; fileRef = 4E4E5C852A1E43950072B38B /* GoogleService-Info.plist */; };
		4E4E5C882A2774E60072B38B /* Patient.swift in Sources */ = {isa = PBXBuildFile; fileRef = 4E4E5C872A2774E60072B38B /* Patient.swift */; };
		4E4E5C8A2A2B33E00072B38B /* NoticeViewController.swift in Sources */ = {isa = PBXBuildFile; fileRef = 4E4E5C892A2B33E00072B38B /* NoticeViewController.swift */; };
		4E4E5C8C2A2B35B50072B38B /* Notice.swift in Sources */ = {isa = PBXBuildFile; fileRef = 4E4E5C8B2A2B35B50072B38B /* Notice.swift */; };
		4E4E5C8F2A2B36A10072B38B /* NoticeListCell.swift in Sources */ = {isa = PBXBuildFile; fileRef = 4E4E5C8D2A2B36A10072B38B /* NoticeListCell.swift */; };
		4E4E5C902A2B36A10072B38B /* NoticeListCell.xib in Resources */ = {isa = PBXBuildFile; fileRef = 4E4E5C8E2A2B36A10072B38B /* NoticeListCell.xib */; };
		4E4E5C922A2B3CB50072B38B /* NoticeDetailViewController.swift in Sources */ = {isa = PBXBuildFile; fileRef = 4E4E5C912A2B3CB50072B38B /* NoticeDetailViewController.swift */; };
		4E4E5C942A2B510F0072B38B /* QnAViewController.swift in Sources */ = {isa = PBXBuildFile; fileRef = 4E4E5C932A2B510F0072B38B /* QnAViewController.swift */; };
		4E4E5C962A2C76F10072B38B /* FAI.swift in Sources */ = {isa = PBXBuildFile; fileRef = 4E4E5C952A2C76F10072B38B /* FAI.swift */; };
		4E4E5C992A2C773E0072B38B /* FAICell.swift in Sources */ = {isa = PBXBuildFile; fileRef = 4E4E5C972A2C773E0072B38B /* FAICell.swift */; };
		4E4E5C9A2A2C773E0072B38B /* FAICell.xib in Resources */ = {isa = PBXBuildFile; fileRef = 4E4E5C982A2C773E0072B38B /* FAICell.xib */; };
		9E579D80E266E1E3045ADBBB /* Pods_Staylinked.framework in Frameworks */ = {isa = PBXBuildFile; fileRef = 0E40382296264407B063FE4C /* Pods_Staylinked.framework */; };
/* End PBXBuildFile section */

/* Begin PBXFileReference section */
		0E40382296264407B063FE4C /* Pods_Staylinked.framework */ = {isa = PBXFileReference; explicitFileType = wrapper.framework; includeInIndex = 0; path = Pods_Staylinked.framework; sourceTree = BUILT_PRODUCTS_DIR; };
		4E09DB3A29FB6345007A7B9B /* Staylinked.app */ = {isa = PBXFileReference; explicitFileType = wrapper.application; includeInIndex = 0; path = Staylinked.app; sourceTree = BUILT_PRODUCTS_DIR; };
		4E09DB3D29FB6345007A7B9B /* AppDelegate.swift */ = {isa = PBXFileReference; lastKnownFileType = sourcecode.swift; path = AppDelegate.swift; sourceTree = "<group>"; };
		4E09DB3F29FB6345007A7B9B /* SceneDelegate.swift */ = {isa = PBXFileReference; lastKnownFileType = sourcecode.swift; path = SceneDelegate.swift; sourceTree = "<group>"; };
		4E09DB4429FB6345007A7B9B /* Base */ = {isa = PBXFileReference; lastKnownFileType = file.storyboard; name = Base; path = Base.lproj/Main.storyboard; sourceTree = "<group>"; };
		4E09DB4629FB6346007A7B9B /* Assets.xcassets */ = {isa = PBXFileReference; lastKnownFileType = folder.assetcatalog; path = Assets.xcassets; sourceTree = "<group>"; };
		4E09DB4929FB6346007A7B9B /* Base */ = {isa = PBXFileReference; lastKnownFileType = file.storyboard; name = Base; path = Base.lproj/LaunchScreen.storyboard; sourceTree = "<group>"; };
		4E09DB4B29FB6346007A7B9B /* Info.plist */ = {isa = PBXFileReference; lastKnownFileType = text.plist.xml; path = Info.plist; sourceTree = "<group>"; };
		4E09DB5129FB6CEB007A7B9B /* FirstViewController.swift */ = {isa = PBXFileReference; lastKnownFileType = sourcecode.swift; path = FirstViewController.swift; sourceTree = "<group>"; };
		4E09DB5329FB6D59007A7B9B /* LoginViewController.swift */ = {isa = PBXFileReference; lastKnownFileType = sourcecode.swift; path = LoginViewController.swift; sourceTree = "<group>"; };
		4E09DB5529FB73E5007A7B9B /* MainViewController.swift */ = {isa = PBXFileReference; lastKnownFileType = sourcecode.swift; path = MainViewController.swift; sourceTree = "<group>"; };
		4E09DB7729FBE9AD007A7B9B /* DietViewController.swift */ = {isa = PBXFileReference; lastKnownFileType = sourcecode.swift; path = DietViewController.swift; sourceTree = "<group>"; };
		4E09DB7929FBEA70007A7B9B /* HealthInfoViewController.swift */ = {isa = PBXFileReference; lastKnownFileType = sourcecode.swift; path = HealthInfoViewController.swift; sourceTree = "<group>"; };
		4E09DB7B29FBEA9C007A7B9B /* ReservationViewController.swift */ = {isa = PBXFileReference; lastKnownFileType = sourcecode.swift; path = ReservationViewController.swift; sourceTree = "<group>"; };
		4E09DB7D29FBEABB007A7B9B /* CareInfoViewController.swift */ = {isa = PBXFileReference; lastKnownFileType = sourcecode.swift; path = CareInfoViewController.swift; sourceTree = "<group>"; };
		4E09DB7F29FBEB4C007A7B9B /* ContectStaffViewController.swift */ = {isa = PBXFileReference; lastKnownFileType = sourcecode.swift; path = ContectStaffViewController.swift; sourceTree = "<group>"; };
		4E48C2362A32CA900070D80D /* FaiDetailViewController.swift */ = {isa = PBXFileReference; lastKnownFileType = sourcecode.swift; path = FaiDetailViewController.swift; sourceTree = "<group>"; };
		4E4E5C852A1E43950072B38B /* GoogleService-Info.plist */ = {isa = PBXFileReference; fileEncoding = 4; lastKnownFileType = text.plist.xml; path = "GoogleService-Info.plist"; sourceTree = "<group>"; };
		4E4E5C872A2774E60072B38B /* Patient.swift */ = {isa = PBXFileReference; lastKnownFileType = sourcecode.swift; path = Patient.swift; sourceTree = "<group>"; };
		4E4E5C892A2B33E00072B38B /* NoticeViewController.swift */ = {isa = PBXFileReference; lastKnownFileType = sourcecode.swift; path = NoticeViewController.swift; sourceTree = "<group>"; };
		4E4E5C8B2A2B35B50072B38B /* Notice.swift */ = {isa = PBXFileReference; lastKnownFileType = sourcecode.swift; path = Notice.swift; sourceTree = "<group>"; };
		4E4E5C8D2A2B36A10072B38B /* NoticeListCell.swift */ = {isa = PBXFileReference; lastKnownFileType = sourcecode.swift; path = NoticeListCell.swift; sourceTree = "<group>"; };
		4E4E5C8E2A2B36A10072B38B /* NoticeListCell.xib */ = {isa = PBXFileReference; lastKnownFileType = file.xib; path = NoticeListCell.xib; sourceTree = "<group>"; };
		4E4E5C912A2B3CB50072B38B /* NoticeDetailViewController.swift */ = {isa = PBXFileReference; lastKnownFileType = sourcecode.swift; path = NoticeDetailViewController.swift; sourceTree = "<group>"; };
		4E4E5C932A2B510F0072B38B /* QnAViewController.swift */ = {isa = PBXFileReference; lastKnownFileType = sourcecode.swift; path = QnAViewController.swift; sourceTree = "<group>"; };
		4E4E5C952A2C76F10072B38B /* FAI.swift */ = {isa = PBXFileReference; lastKnownFileType = sourcecode.swift; path = FAI.swift; sourceTree = "<group>"; };
		4E4E5C972A2C773E0072B38B /* FAICell.swift */ = {isa = PBXFileReference; lastKnownFileType = sourcecode.swift; path = FAICell.swift; sourceTree = "<group>"; };
		4E4E5C982A2C773E0072B38B /* FAICell.xib */ = {isa = PBXFileReference; lastKnownFileType = file.xib; path = FAICell.xib; sourceTree = "<group>"; };
		53E9875AC22212C212F32369 /* Pods-Staylinked.release.xcconfig */ = {isa = PBXFileReference; includeInIndex = 1; lastKnownFileType = text.xcconfig; name = "Pods-Staylinked.release.xcconfig"; path = "Target Support Files/Pods-Staylinked/Pods-Staylinked.release.xcconfig"; sourceTree = "<group>"; };
		C822B35AF354B206A2CDCD3F /* Pods-Staylinked.debug.xcconfig */ = {isa = PBXFileReference; includeInIndex = 1; lastKnownFileType = text.xcconfig; name = "Pods-Staylinked.debug.xcconfig"; path = "Target Support Files/Pods-Staylinked/Pods-Staylinked.debug.xcconfig"; sourceTree = "<group>"; };
/* End PBXFileReference section */

/* Begin PBXFrameworksBuildPhase section */
		4E09DB3729FB6345007A7B9B /* Frameworks */ = {
			isa = PBXFrameworksBuildPhase;
			buildActionMask = 2147483647;
			files = (
				9E579D80E266E1E3045ADBBB /* Pods_Staylinked.framework in Frameworks */,
			);
			runOnlyForDeploymentPostprocessing = 0;
		};
/* End PBXFrameworksBuildPhase section */

/* Begin PBXGroup section */
		4E09DB3129FB6345007A7B9B = {
			isa = PBXGroup;
			children = (
				4E09DB3C29FB6345007A7B9B /* Staylinked */,
				4E09DB3B29FB6345007A7B9B /* Products */,
				69254D1E67DF81CD96C0DF65 /* Pods */,
				7212755581B1A9A9913A7C75 /* Frameworks */,
			);
			sourceTree = "<group>";
		};
		4E09DB3B29FB6345007A7B9B /* Products */ = {
			isa = PBXGroup;
			children = (
				4E09DB3A29FB6345007A7B9B /* Staylinked.app */,
			);
			name = Products;
			sourceTree = "<group>";
		};
		4E09DB3C29FB6345007A7B9B /* Staylinked */ = {
			isa = PBXGroup;
			children = (
				4E09DB7729FBE9AD007A7B9B /* DietViewController.swift */,
				4E09DB3D29FB6345007A7B9B /* AppDelegate.swift */,
				4E09DB3F29FB6345007A7B9B /* SceneDelegate.swift */,
				4E09DB4329FB6345007A7B9B /* Main.storyboard */,
				4E09DB4629FB6346007A7B9B /* Assets.xcassets */,
				4E09DB4829FB6346007A7B9B /* LaunchScreen.storyboard */,
				4E09DB4B29FB6346007A7B9B /* Info.plist */,
				4E4E5C852A1E43950072B38B /* GoogleService-Info.plist */,
				4E09DB5129FB6CEB007A7B9B /* FirstViewController.swift */,
				4E09DB5329FB6D59007A7B9B /* LoginViewController.swift */,
				4E09DB5529FB73E5007A7B9B /* MainViewController.swift */,
				4E09DB7929FBEA70007A7B9B /* HealthInfoViewController.swift */,
				4E09DB7B29FBEA9C007A7B9B /* ReservationViewController.swift */,
				4E09DB7D29FBEABB007A7B9B /* CareInfoViewController.swift */,
				4E09DB7F29FBEB4C007A7B9B /* ContectStaffViewController.swift */,
				4E4E5C872A2774E60072B38B /* Patient.swift */,
				4E4E5C892A2B33E00072B38B /* NoticeViewController.swift */,
				4E4E5C8B2A2B35B50072B38B /* Notice.swift */,
				4E4E5C8D2A2B36A10072B38B /* NoticeListCell.swift */,
				4E4E5C8E2A2B36A10072B38B /* NoticeListCell.xib */,
				4E4E5C912A2B3CB50072B38B /* NoticeDetailViewController.swift */,
				4E4E5C932A2B510F0072B38B /* QnAViewController.swift */,
				4E4E5C952A2C76F10072B38B /* FAI.swift */,
				4E4E5C972A2C773E0072B38B /* FAICell.swift */,
				4E4E5C982A2C773E0072B38B /* FAICell.xib */,
				4E48C2362A32CA900070D80D /* FaiDetailViewController.swift */,
			);
			path = Staylinked;
			sourceTree = "<group>";
		};
		69254D1E67DF81CD96C0DF65 /* Pods */ = {
			isa = PBXGroup;
			children = (
				C822B35AF354B206A2CDCD3F /* Pods-Staylinked.debug.xcconfig */,
				53E9875AC22212C212F32369 /* Pods-Staylinked.release.xcconfig */,
			);
			path = Pods;
			sourceTree = "<group>";
		};
		7212755581B1A9A9913A7C75 /* Frameworks */ = {
			isa = PBXGroup;
			children = (
				0E40382296264407B063FE4C /* Pods_Staylinked.framework */,
			);
			name = Frameworks;
			sourceTree = "<group>";
		};
/* End PBXGroup section */

/* Begin PBXNativeTarget section */
		4E09DB3929FB6345007A7B9B /* Staylinked */ = {
			isa = PBXNativeTarget;
			buildConfigurationList = 4E09DB4E29FB6346007A7B9B /* Build configuration list for PBXNativeTarget "Staylinked" */;
			buildPhases = (
				377E6896D6429AC740F05FCB /* [CP] Check Pods Manifest.lock */,
				4E09DB3629FB6345007A7B9B /* Sources */,
				4E09DB3729FB6345007A7B9B /* Frameworks */,
				4E09DB3829FB6345007A7B9B /* Resources */,
				11299A945EF26B4C8927EFEA /* [CP] Embed Pods Frameworks */,
			);
			buildRules = (
			);
			dependencies = (
			);
			name = Staylinked;
			productName = Staylinked;
			productReference = 4E09DB3A29FB6345007A7B9B /* Staylinked.app */;
			productType = "com.apple.product-type.application";
		};
/* End PBXNativeTarget section */

/* Begin PBXProject section */
		4E09DB3229FB6345007A7B9B /* Project object */ = {
			isa = PBXProject;
			attributes = {
				BuildIndependentTargetsInParallel = 1;
				LastSwiftUpdateCheck = 1430;
				LastUpgradeCheck = 1430;
				TargetAttributes = {
					4E09DB3929FB6345007A7B9B = {
						CreatedOnToolsVersion = 14.3;
					};
				};
			};
			buildConfigurationList = 4E09DB3529FB6345007A7B9B /* Build configuration list for PBXProject "Staylinked" */;
			compatibilityVersion = "Xcode 14.0";
			developmentRegion = en;
			hasScannedForEncodings = 0;
			knownRegions = (
				en,
				Base,
			);
			mainGroup = 4E09DB3129FB6345007A7B9B;
			productRefGroup = 4E09DB3B29FB6345007A7B9B /* Products */;
			projectDirPath = "";
			projectRoot = "";
			targets = (
				4E09DB3929FB6345007A7B9B /* Staylinked */,
			);
		};
/* End PBXProject section */

/* Begin PBXResourcesBuildPhase section */
		4E09DB3829FB6345007A7B9B /* Resources */ = {
			isa = PBXResourcesBuildPhase;
			buildActionMask = 2147483647;
			files = (
				4E09DB4A29FB6346007A7B9B /* LaunchScreen.storyboard in Resources */,
				4E4E5C862A1E43950072B38B /* GoogleService-Info.plist in Resources */,
				4E4E5C9A2A2C773E0072B38B /* FAICell.xib in Resources */,
				4E09DB4729FB6346007A7B9B /* Assets.xcassets in Resources */,
				4E4E5C902A2B36A10072B38B /* NoticeListCell.xib in Resources */,
				4E09DB4529FB6345007A7B9B /* Main.storyboard in Resources */,
			);
			runOnlyForDeploymentPostprocessing = 0;
		};
/* End PBXResourcesBuildPhase section */

/* Begin PBXShellScriptBuildPhase section */
		11299A945EF26B4C8927EFEA /* [CP] Embed Pods Frameworks */ = {
			isa = PBXShellScriptBuildPhase;
			buildActionMask = 2147483647;
			files = (
			);
			inputFileListPaths = (
				"${PODS_ROOT}/Target Support Files/Pods-Staylinked/Pods-Staylinked-frameworks-${CONFIGURATION}-input-files.xcfilelist",
			);
			name = "[CP] Embed Pods Frameworks";
			outputFileListPaths = (
				"${PODS_ROOT}/Target Support Files/Pods-Staylinked/Pods-Staylinked-frameworks-${CONFIGURATION}-output-files.xcfilelist",
			);
			runOnlyForDeploymentPostprocessing = 0;
			shellPath = /bin/sh;
			shellScript = "\"${PODS_ROOT}/Target Support Files/Pods-Staylinked/Pods-Staylinked-frameworks.sh\"\n";
			showEnvVarsInLog = 0;
		};
		377E6896D6429AC740F05FCB /* [CP] Check Pods Manifest.lock */ = {
			isa = PBXShellScriptBuildPhase;
			buildActionMask = 2147483647;
			files = (
			);
			inputFileListPaths = (
			);
			inputPaths = (
				"${PODS_PODFILE_DIR_PATH}/Podfile.lock",
				"${PODS_ROOT}/Manifest.lock",
			);
			name = "[CP] Check Pods Manifest.lock";
			outputFileListPaths = (
			);
			outputPaths = (
				"$(DERIVED_FILE_DIR)/Pods-Staylinked-checkManifestLockResult.txt",
			);
			runOnlyForDeploymentPostprocessing = 0;
			shellPath = /bin/sh;
			shellScript = "diff \"${PODS_PODFILE_DIR_PATH}/Podfile.lock\" \"${PODS_ROOT}/Manifest.lock\" > /dev/null\nif [ $? != 0 ] ; then\n    # print error to STDERR\n    echo \"error: The sandbox is not in sync with the Podfile.lock. Run 'pod install' or update your CocoaPods installation.\" >&2\n    exit 1\nfi\n# This output is used by Xcode 'outputs' to avoid re-running this script phase.\necho \"SUCCESS\" > \"${SCRIPT_OUTPUT_FILE_0}\"\n";
			showEnvVarsInLog = 0;
		};
/* End PBXShellScriptBuildPhase section */

/* Begin PBXSourcesBuildPhase section */
		4E09DB3629FB6345007A7B9B /* Sources */ = {
			isa = PBXSourcesBuildPhase;
			buildActionMask = 2147483647;
			files = (
				4E09DB5429FB6D59007A7B9B /* LoginViewController.swift in Sources */,
				4E09DB5229FB6CEB007A7B9B /* FirstViewController.swift in Sources */,
				4E4E5C8C2A2B35B50072B38B /* Notice.swift in Sources */,
				4E4E5C8F2A2B36A10072B38B /* NoticeListCell.swift in Sources */,
				4E4E5C8A2A2B33E00072B38B /* NoticeViewController.swift in Sources */,
				4E09DB7A29FBEA70007A7B9B /* HealthInfoViewController.swift in Sources */,
				4E09DB7C29FBEA9C007A7B9B /* ReservationViewController.swift in Sources */,
				4E09DB8029FBEB4C007A7B9B /* ContectStaffViewController.swift in Sources */,
				4E4E5C942A2B510F0072B38B /* QnAViewController.swift in Sources */,
				4E09DB7E29FBEABB007A7B9B /* CareInfoViewController.swift in Sources */,
				4E4E5C962A2C76F10072B38B /* FAI.swift in Sources */,
				4E4E5C922A2B3CB50072B38B /* NoticeDetailViewController.swift in Sources */,
				4E09DB7829FBE9AD007A7B9B /* DietViewController.swift in Sources */,
				4E09DB3E29FB6345007A7B9B /* AppDelegate.swift in Sources */,
				4E09DB4029FB6345007A7B9B /* SceneDelegate.swift in Sources */,
				4E48C2372A32CA900070D80D /* FaiDetailViewController.swift in Sources */,
				4E09DB5629FB73E5007A7B9B /* MainViewController.swift in Sources */,
				4E4E5C992A2C773E0072B38B /* FAICell.swift in Sources */,
				4E4E5C882A2774E60072B38B /* Patient.swift in Sources */,
			);
			runOnlyForDeploymentPostprocessing = 0;
		};
/* End PBXSourcesBuildPhase section */

/* Begin PBXVariantGroup section */
		4E09DB4329FB6345007A7B9B /* Main.storyboard */ = {
			isa = PBXVariantGroup;
			children = (
				4E09DB4429FB6345007A7B9B /* Base */,
			);
			name = Main.storyboard;
			sourceTree = "<group>";
		};
		4E09DB4829FB6346007A7B9B /* LaunchScreen.storyboard */ = {
			isa = PBXVariantGroup;
			children = (
				4E09DB4929FB6346007A7B9B /* Base */,
			);
			name = LaunchScreen.storyboard;
			sourceTree = "<group>";
		};
/* End PBXVariantGroup section */

/* Begin XCBuildConfiguration section */
		4E09DB4C29FB6346007A7B9B /* Debug */ = {
			isa = XCBuildConfiguration;
			buildSettings = {
				ALWAYS_SEARCH_USER_PATHS = NO;
				CLANG_ANALYZER_NONNULL = YES;
				CLANG_ANALYZER_NUMBER_OBJECT_CONVERSION = YES_AGGRESSIVE;
				CLANG_CXX_LANGUAGE_STANDARD = "gnu++20";
				CLANG_ENABLE_MODULES = YES;
				CLANG_ENABLE_OBJC_ARC = YES;
				CLANG_ENABLE_OBJC_WEAK = YES;
				CLANG_WARN_BLOCK_CAPTURE_AUTORELEASING = YES;
				CLANG_WARN_BOOL_CONVERSION = YES;
				CLANG_WARN_COMMA = YES;
				CLANG_WARN_CONSTANT_CONVERSION = YES;
				CLANG_WARN_DEPRECATED_OBJC_IMPLEMENTATIONS = YES;
				CLANG_WARN_DIRECT_OBJC_ISA_USAGE = YES_ERROR;
				CLANG_WARN_DOCUMENTATION_COMMENTS = YES;
				CLANG_WARN_EMPTY_BODY = YES;
				CLANG_WARN_ENUM_CONVERSION = YES;
				CLANG_WARN_INFINITE_RECURSION = YES;
				CLANG_WARN_INT_CONVERSION = YES;
				CLANG_WARN_NON_LITERAL_NULL_CONVERSION = YES;
				CLANG_WARN_OBJC_IMPLICIT_RETAIN_SELF = YES;
				CLANG_WARN_OBJC_LITERAL_CONVERSION = YES;
				CLANG_WARN_OBJC_ROOT_CLASS = YES_ERROR;
				CLANG_WARN_QUOTED_INCLUDE_IN_FRAMEWORK_HEADER = YES;
				CLANG_WARN_RANGE_LOOP_ANALYSIS = YES;
				CLANG_WARN_STRICT_PROTOTYPES = YES;
				CLANG_WARN_SUSPICIOUS_MOVE = YES;
				CLANG_WARN_UNGUARDED_AVAILABILITY = YES_AGGRESSIVE;
				CLANG_WARN_UNREACHABLE_CODE = YES;
				CLANG_WARN__DUPLICATE_METHOD_MATCH = YES;
				COPY_PHASE_STRIP = NO;
				DEBUG_INFORMATION_FORMAT = dwarf;
				ENABLE_STRICT_OBJC_MSGSEND = YES;
				ENABLE_TESTABILITY = YES;
				GCC_C_LANGUAGE_STANDARD = gnu11;
				GCC_DYNAMIC_NO_PIC = NO;
				GCC_NO_COMMON_BLOCKS = YES;
				GCC_OPTIMIZATION_LEVEL = 0;
				GCC_PREPROCESSOR_DEFINITIONS = (
					"DEBUG=1",
					"$(inherited)",
				);
				GCC_WARN_64_TO_32_BIT_CONVERSION = YES;
				GCC_WARN_ABOUT_RETURN_TYPE = YES_ERROR;
				GCC_WARN_UNDECLARED_SELECTOR = YES;
				GCC_WARN_UNINITIALIZED_AUTOS = YES_AGGRESSIVE;
				GCC_WARN_UNUSED_FUNCTION = YES;
				GCC_WARN_UNUSED_VARIABLE = YES;
				IPHONEOS_DEPLOYMENT_TARGET = 16.4;
				MTL_ENABLE_DEBUG_INFO = INCLUDE_SOURCE;
				MTL_FAST_MATH = YES;
				ONLY_ACTIVE_ARCH = YES;
				SDKROOT = iphoneos;
				SWIFT_ACTIVE_COMPILATION_CONDITIONS = DEBUG;
				SWIFT_OPTIMIZATION_LEVEL = "-Onone";
			};
			name = Debug;
		};
		4E09DB4D29FB6346007A7B9B /* Release */ = {
			isa = XCBuildConfiguration;
			buildSettings = {
				ALWAYS_SEARCH_USER_PATHS = NO;
				CLANG_ANALYZER_NONNULL = YES;
				CLANG_ANALYZER_NUMBER_OBJECT_CONVERSION = YES_AGGRESSIVE;
				CLANG_CXX_LANGUAGE_STANDARD = "gnu++20";
				CLANG_ENABLE_MODULES = YES;
				CLANG_ENABLE_OBJC_ARC = YES;
				CLANG_ENABLE_OBJC_WEAK = YES;
				CLANG_WARN_BLOCK_CAPTURE_AUTORELEASING = YES;
				CLANG_WARN_BOOL_CONVERSION = YES;
				CLANG_WARN_COMMA = YES;
				CLANG_WARN_CONSTANT_CONVERSION = YES;
				CLANG_WARN_DEPRECATED_OBJC_IMPLEMENTATIONS = YES;
				CLANG_WARN_DIRECT_OBJC_ISA_USAGE = YES_ERROR;
				CLANG_WARN_DOCUMENTATION_COMMENTS = YES;
				CLANG_WARN_EMPTY_BODY = YES;
				CLANG_WARN_ENUM_CONVERSION = YES;
				CLANG_WARN_INFINITE_RECURSION = YES;
				CLANG_WARN_INT_CONVERSION = YES;
				CLANG_WARN_NON_LITERAL_NULL_CONVERSION = YES;
				CLANG_WARN_OBJC_IMPLICIT_RETAIN_SELF = YES;
				CLANG_WARN_OBJC_LITERAL_CONVERSION = YES;
				CLANG_WARN_OBJC_ROOT_CLASS = YES_ERROR;
				CLANG_WARN_QUOTED_INCLUDE_IN_FRAMEWORK_HEADER = YES;
				CLANG_WARN_RANGE_LOOP_ANALYSIS = YES;
				CLANG_WARN_STRICT_PROTOTYPES = YES;
				CLANG_WARN_SUSPICIOUS_MOVE = YES;
				CLANG_WARN_UNGUARDED_AVAILABILITY = YES_AGGRESSIVE;
				CLANG_WARN_UNREACHABLE_CODE = YES;
				CLANG_WARN__DUPLICATE_METHOD_MATCH = YES;
				COPY_PHASE_STRIP = NO;
				DEBUG_INFORMATION_FORMAT = "dwarf-with-dsym";
				ENABLE_NS_ASSERTIONS = NO;
				ENABLE_STRICT_OBJC_MSGSEND = YES;
				GCC_C_LANGUAGE_STANDARD = gnu11;
				GCC_NO_COMMON_BLOCKS = YES;
				GCC_WARN_64_TO_32_BIT_CONVERSION = YES;
				GCC_WARN_ABOUT_RETURN_TYPE = YES_ERROR;
				GCC_WARN_UNDECLARED_SELECTOR = YES;
				GCC_WARN_UNINITIALIZED_AUTOS = YES_AGGRESSIVE;
				GCC_WARN_UNUSED_FUNCTION = YES;
				GCC_WARN_UNUSED_VARIABLE = YES;
				IPHONEOS_DEPLOYMENT_TARGET = 16.4;
				MTL_ENABLE_DEBUG_INFO = NO;
				MTL_FAST_MATH = YES;
				SDKROOT = iphoneos;
				SWIFT_COMPILATION_MODE = wholemodule;
				SWIFT_OPTIMIZATION_LEVEL = "-O";
				VALIDATE_PRODUCT = YES;
			};
			name = Release;
		};
		4E09DB4F29FB6346007A7B9B /* Debug */ = {
			isa = XCBuildConfiguration;
			baseConfigurationReference = C822B35AF354B206A2CDCD3F /* Pods-Staylinked.debug.xcconfig */;
			buildSettings = {
				ASSETCATALOG_COMPILER_APPICON_NAME = AppIcon;
				ASSETCATALOG_COMPILER_GLOBAL_ACCENT_COLOR_NAME = AccentColor;
				CODE_SIGN_STYLE = Automatic;
				CURRENT_PROJECT_VERSION = 1;
				DEVELOPMENT_TEAM = VH2Z4N46PM;
				GENERATE_INFOPLIST_FILE = YES;
				INFOPLIST_FILE = Staylinked/Info.plist;
				INFOPLIST_KEY_UIApplicationSupportsIndirectInputEvents = YES;
				INFOPLIST_KEY_UILaunchStoryboardName = LaunchScreen;
				INFOPLIST_KEY_UIMainStoryboardFile = Main;
				INFOPLIST_KEY_UISupportedInterfaceOrientations_iPad = "UIInterfaceOrientationPortrait UIInterfaceOrientationPortraitUpsideDown UIInterfaceOrientationLandscapeLeft UIInterfaceOrientationLandscapeRight";
				INFOPLIST_KEY_UISupportedInterfaceOrientations_iPhone = "UIInterfaceOrientationPortrait UIInterfaceOrientationLandscapeLeft UIInterfaceOrientationLandscapeRight";
				LD_RUNPATH_SEARCH_PATHS = (
					"$(inherited)",
					"@executable_path/Frameworks",
				);
				MARKETING_VERSION = 1.0;
				PRODUCT_BUNDLE_IDENTIFIER = kr.Staylinked;
				PRODUCT_NAME = "$(TARGET_NAME)";
				SWIFT_EMIT_LOC_STRINGS = YES;
				SWIFT_VERSION = 5.0;
				TARGETED_DEVICE_FAMILY = "1,2";
			};
			name = Debug;
		};
		4E09DB5029FB6346007A7B9B /* Release */ = {
			isa = XCBuildConfiguration;
			baseConfigurationReference = 53E9875AC22212C212F32369 /* Pods-Staylinked.release.xcconfig */;
			buildSettings = {
				ASSETCATALOG_COMPILER_APPICON_NAME = AppIcon;
				ASSETCATALOG_COMPILER_GLOBAL_ACCENT_COLOR_NAME = AccentColor;
				CODE_SIGN_STYLE = Automatic;
				CURRENT_PROJECT_VERSION = 1;
				DEVELOPMENT_TEAM = VH2Z4N46PM;
				GENERATE_INFOPLIST_FILE = YES;
				INFOPLIST_FILE = Staylinked/Info.plist;
				INFOPLIST_KEY_UIApplicationSupportsIndirectInputEvents = YES;
				INFOPLIST_KEY_UILaunchStoryboardName = LaunchScreen;
				INFOPLIST_KEY_UIMainStoryboardFile = Main;
				INFOPLIST_KEY_UISupportedInterfaceOrientations_iPad = "UIInterfaceOrientationPortrait UIInterfaceOrientationPortraitUpsideDown UIInterfaceOrientationLandscapeLeft UIInterfaceOrientationLandscapeRight";
				INFOPLIST_KEY_UISupportedInterfaceOrientations_iPhone = "UIInterfaceOrientationPortrait UIInterfaceOrientationLandscapeLeft UIInterfaceOrientationLandscapeRight";
				LD_RUNPATH_SEARCH_PATHS = (
					"$(inherited)",
					"@executable_path/Frameworks",
				);
				MARKETING_VERSION = 1.0;
				PRODUCT_BUNDLE_IDENTIFIER = kr.Staylinked;
				PRODUCT_NAME = "$(TARGET_NAME)";
				SWIFT_EMIT_LOC_STRINGS = YES;
				SWIFT_VERSION = 5.0;
				TARGETED_DEVICE_FAMILY = "1,2";
			};
			name = Release;
		};
/* End XCBuildConfiguration section */

/* Begin XCConfigurationList section */
		4E09DB3529FB6345007A7B9B /* Build configuration list for PBXProject "Staylinked" */ = {
			isa = XCConfigurationList;
			buildConfigurations = (
				4E09DB4C29FB6346007A7B9B /* Debug */,
				4E09DB4D29FB6346007A7B9B /* Release */,
			);
			defaultConfigurationIsVisible = 0;
			defaultConfigurationName = Release;
		};
		4E09DB4E29FB6346007A7B9B /* Build configuration list for PBXNativeTarget "Staylinked" */ = {
			isa = XCConfigurationList;
			buildConfigurations = (
				4E09DB4F29FB6346007A7B9B /* Debug */,
				4E09DB5029FB6346007A7B9B /* Release */,
			);
			defaultConfigurationIsVisible = 0;
			defaultConfigurationName = Release;
		};
/* End XCConfigurationList section */
	};
	rootObject = 4E09DB3229FB6345007A7B9B /* Project object */;
}
